
Microsoft Visual Studio Solution File, Format Version 12.00
# Visual Studio Version 16
VisualStudioVersion = 16.0.29102.190
MinimumVisualStudioVersion = 10.0.40219.1
Project("{FAE04EC0-301F-11D3-BF4B-00C04F79EFBC}") = "CharacterArchive", "CharacterArchive.csproj", "{C48E878C-9376-49EE-9A72-D5F9AACE21EF}"
EndProject
Global
	GlobalSection(SolutionConfigurationPlatforms) = preSolution
		Debug|Any CPU = Debug|Any CPU
		Release|Any CPU = Release|Any CPU
	EndGlobalSection
	GlobalSection(ProjectConfigurationPlatforms) = postSolution
		{C48E878C-9376-49EE-9A72-D5F9AACE21EF}.Debug|Any CPU.ActiveCfg = Debug|Any CPU
		{C48E878C-9376-49EE-9A72-D5F9AACE21EF}.Debug|Any CPU.Build.0 = Debug|Any CPU
		{C48E878C-9376-49EE-9A72-D5F9AACE21EF}.Release|Any CPU.ActiveCfg = Release|Any CPU
		{C48E878C-9376-49EE-9A72-D5F9AACE21EF}.Release|Any CPU.Build.0 = Release|Any CPU
	EndGlobalSection
	GlobalSection(SolutionProperties) = preSolution
		HideSolutionNode = FALSE
	EndGlobalSection
	GlobalSection(ExtensibilityGlobals) = postSolution
		SolutionGuid = {2177C7D8-3EFE-499D-9C54-B87A58B328D6}
	EndGlobalSection
EndGlobal
